
Microsoft Visual Studio Solution File, Format Version 12.00
# Visual Studio 15
VisualStudioVersion = 15.0.27130.2036
MinimumVisualStudioVersion = 10.0.40219.1
Project("{FAE04EC0-301F-11D3-BF4B-00C04F79EFBC}") = "T4TemplateDemo", "T4TemplateDemo\T4TemplateDemo.csproj", "{DB35D5F4-9C3F-4435-9E01-D578DFF0E38D}"
EndProject
Project("{FAE04EC0-301F-11D3-BF4B-00C04F79EFBC}") = "T4TemplateDemoTests", "T4TemplateDemoTests\T4TemplateDemoTests.csproj", "{754C12E1-9B7D-4C08-B210-8715533984AD}"
EndProject
Global
	GlobalSection(SolutionConfigurationPlatforms) = preSolution
		Debug|Any CPU = Debug|Any CPU
		Release|Any CPU = Release|Any CPU
	EndGlobalSection
	GlobalSection(ProjectConfigurationPlatforms) = postSolution
		{DB35D5F4-9C3F-4435-9E01-D578DFF0E38D}.Debug|Any CPU.ActiveCfg = Debug|Any CPU
		{DB35D5F4-9C3F-4435-9E01-D578DFF0E38D}.Debug|Any CPU.Build.0 = Debug|Any CPU
		{DB35D5F4-9C3F-4435-9E01-D578DFF0E38D}.Release|Any CPU.ActiveCfg = Release|Any CPU
		{DB35D5F4-9C3F-4435-9E01-D578DFF0E38D}.Release|Any CPU.Build.0 = Release|Any CPU
		{754C12E1-9B7D-4C08-B210-8715533984AD}.Debug|Any CPU.ActiveCfg = Debug|Any CPU
		{754C12E1-9B7D-4C08-B210-8715533984AD}.Debug|Any CPU.Build.0 = Debug|Any CPU
		{754C12E1-9B7D-4C08-B210-8715533984AD}.Release|Any CPU.ActiveCfg = Release|Any CPU
		{754C12E1-9B7D-4C08-B210-8715533984AD}.Release|Any CPU.Build.0 = Release|Any CPU
	EndGlobalSection
	GlobalSection(SolutionProperties) = preSolution
		HideSolutionNode = FALSE
	EndGlobalSection
	GlobalSection(ExtensibilityGlobals) = postSolution
		SolutionGuid = {4404530E-E020-4DCE-BF44-E0CBDCD796D5}
	EndGlobalSection
EndGlobal
